
Microsoft Visual Studio Solution File, Format Version 12.00
# Visual Studio Version 17
VisualStudioVersion = 17.5.002.0
MinimumVisualStudioVersion = 10.0.40219.1
Project("{9A19103F-16F7-4668-BE54-9A1E7A4F7556}") = "Sem2", "Sem2.csproj", "{A7B250D1-F8A7-4BAB-8606-D2BC47AA164C}"
EndProject
Global
	GlobalSection(SolutionConfigurationPlatforms) = preSolution
		Debug|Any CPU = Debug|Any CPU
		Release|Any CPU = Release|Any CPU
	EndGlobalSection
	GlobalSection(ProjectConfigurationPlatforms) = postSolution
		{A7B250D1-F8A7-4BAB-8606-D2BC47AA164C}.Debug|Any CPU.ActiveCfg = Debug|Any CPU
		{A7B250D1-F8A7-4BAB-8606-D2BC47AA164C}.Debug|Any CPU.Build.0 = Debug|Any CPU
		{A7B250D1-F8A7-4BAB-8606-D2BC47AA164C}.Release|Any CPU.ActiveCfg = Release|Any CPU
		{A7B250D1-F8A7-4BAB-8606-D2BC47AA164C}.Release|Any CPU.Build.0 = Release|Any CPU
	EndGlobalSection
	GlobalSection(SolutionProperties) = preSolution
		HideSolutionNode = FALSE
	EndGlobalSection
	GlobalSection(ExtensibilityGlobals) = postSolution
		SolutionGuid = {A2563F04-5FF9-4617-8531-9A8D979DCCBD}
	EndGlobalSection
EndGlobal
