
Microsoft Visual Studio Solution File, Format Version 12.00
# Visual Studio Version 17
VisualStudioVersion = 17.5.002.0
MinimumVisualStudioVersion = 10.0.40219.1
Project("{9A19103F-16F7-4668-BE54-9A1E7A4F7556}") = "sem4", "sem4.csproj", "{A54E6EA6-BC31-4BC8-AD0F-684B397426FE}"
EndProject
Global
	GlobalSection(SolutionConfigurationPlatforms) = preSolution
		Debug|Any CPU = Debug|Any CPU
		Release|Any CPU = Release|Any CPU
	EndGlobalSection
	GlobalSection(ProjectConfigurationPlatforms) = postSolution
		{A54E6EA6-BC31-4BC8-AD0F-684B397426FE}.Debug|Any CPU.ActiveCfg = Debug|Any CPU
		{A54E6EA6-BC31-4BC8-AD0F-684B397426FE}.Debug|Any CPU.Build.0 = Debug|Any CPU
		{A54E6EA6-BC31-4BC8-AD0F-684B397426FE}.Release|Any CPU.ActiveCfg = Release|Any CPU
		{A54E6EA6-BC31-4BC8-AD0F-684B397426FE}.Release|Any CPU.Build.0 = Release|Any CPU
	EndGlobalSection
	GlobalSection(SolutionProperties) = preSolution
		HideSolutionNode = FALSE
	EndGlobalSection
	GlobalSection(ExtensibilityGlobals) = postSolution
		SolutionGuid = {A7C7189F-75B4-4552-B5C7-B7D95EFF77AA}
	EndGlobalSection
EndGlobal
